// !$*UTF8*$!
{
	archiveVersion = 1;
	classes = {
	};
	objectVersion = 46;
	objects = {

/* Begin PBXBuildFile section */
		F09416781DDFA20800626583 /* AppDelegate.swift in Sources */ = {isa = PBXBuildFile; fileRef = F09416771DDFA20800626583 /* AppDelegate.swift */; };
		F094167A1DDFA20800626583 /* ViewController.swift in Sources */ = {isa = PBXBuildFile; fileRef = F09416791DDFA20800626583 /* ViewController.swift */; };
		F094167D1DDFA20800626583 /* Main.storyboard in Resources */ = {isa = PBXBuildFile; fileRef = F094167B1DDFA20800626583 /* Main.storyboard */; };
		F094167F1DDFA20800626583 /* Assets.xcassets in Resources */ = {isa = PBXBuildFile; fileRef = F094167E1DDFA20800626583 /* Assets.xcassets */; };
		F09416821DDFA20800626583 /* LaunchScreen.storyboard in Resources */ = {isa = PBXBuildFile; fileRef = F09416801DDFA20800626583 /* LaunchScreen.storyboard */; };
/* End PBXBuildFile section */

/* Begin PBXFileReference section */
		F09416741DDFA20800626583 /* market.app */ = {isa = PBXFileReference; explicitFileType = wrapper.application; includeInIndex = 0; path = market.app; sourceTree = BUILT_PRODUCTS_DIR; };
		F09416771DDFA20800626583 /* AppDelegate.swift */ = {isa = PBXFileReference; lastKnownFileType = sourcecode.swift; path = AppDelegate.swift; sourceTree = "<group>"; };
		F09416791DDFA20800626583 /* ViewController.swift */ = {isa = PBXFileReference; lastKnownFileType = sourcecode.swift; path = ViewController.swift; sourceTree = "<group>"; };
		F094167C1DDFA20800626583 /* Base */ = {isa = PBXFileReference; lastKnownFileType = file.storyboard; name = Base; path = Base.lproj/Main.storyboard; sourceTree = "<group>"; };
		F094167E1DDFA20800626583 /* Assets.xcassets */ = {isa = PBXFileReference; lastKnownFileType = folder.assetcatalog; path = Assets.xcassets; sourceTree = "<group>"; };
		F09416811DDFA20800626583 /* Base */ = {isa = PBXFileReference; lastKnownFileType = file.storyboard; name = Base; path = Base.lproj/LaunchScreen.storyboard; sourceTree = "<group>"; };
		F09416831DDFA20800626583 /* Info.plist */ = {isa = PBXFileReference; lastKnownFileType = text.plist.xml; path = Info.plist; sourceTree = "<group>"; };
/* End PBXFileReference section */

/* Begin PBXFrameworksBuildPhase section */
		F09416711DDFA20800626583 /* Frameworks */ = {
			isa = PBXFrameworksBuildPhase;
			buildActionMask = 2147483647;
			files = (
			);
			runOnlyForDeploymentPostprocessing = 0;
		};
/* End PBXFrameworksBuildPhase section */

/* Begin PBXGroup section */
		F094166B1DDFA20700626583 = {
			isa = PBXGroup;
			children = (
				F09416761DDFA20800626583 /* market */,
				F09416751DDFA20800626583 /* Products */,
			);
			sourceTree = "<group>";
		};
		F09416751DDFA20800626583 /* Products */ = {
			isa = PBXGroup;
			children = (
				F09416741DDFA20800626583 /* market.app */,
			);
			name = Products;
			sourceTree = "<group>";
		};
		F09416761DDFA20800626583 /* market */ = {
			isa = PBXGroup;
			children = (
				F09416771DDFA20800626583 /* AppDelegate.swift */,
				F09416791DDFA20800626583 /* ViewController.swift */,
				F094167B1DDFA20800626583 /* Main.storyboard */,
				F094167E1DDFA20800626583 /* Assets.xcassets */,
				F09416801DDFA20800626583 /* LaunchScreen.storyboard */,
				F09416831DDFA20800626583 /* Info.plist */,
			);
			path = market;
			sourceTree = "<group>";
		};
/* End PBXGroup section */

/* Begin PBXNativeTarget section */
		F09416731DDFA20800626583 /* market */ = {
			isa = PBXNativeTarget;
			buildConfigurationList = F09416861DDFA20800626583 /* Build configuration list for PBXNativeTarget "market" */;
			buildPhases = (
				F09416701DDFA20800626583 /* Sources */,
				F09416711DDFA20800626583 /* Frameworks */,
				F09416721DDFA20800626583 /* Resources */,
			);
			buildRules = (
			);
			dependencies = (
			);
			name = market;
			productName = market;
			productReference = F09416741DDFA20800626583 /* market.app */;
			productType = "com.apple.product-type.application";
		};
/* End PBXNativeTarget section */

/* Begin PBXProject section */
		F094166C1DDFA20700626583 /* Project object */ = {
			isa = PBXProject;
			attributes = {
				LastSwiftUpdateCheck = 0810;
				LastUpgradeCheck = 0810;
				ORGANIZATIONNAME = "Jose Duin";
				TargetAttributes = {
					F09416731DDFA20800626583 = {
						CreatedOnToolsVersion = 8.1;
						DevelopmentTeam = U5DM44JQS9;
						ProvisioningStyle = Automatic;
					};
				};
			};
			buildConfigurationList = F094166F1DDFA20700626583 /* Build configuration list for PBXProject "market" */;
			compatibilityVersion = "Xcode 3.2";
			developmentRegion = English;
			hasScannedForEncodings = 0;
			knownRegions = (
				en,
				Base,
			);
			mainGroup = F094166B1DDFA20700626583;
			productRefGroup = F09416751DDFA20800626583 /* Products */;
			projectDirPath = "";
			projectRoot = "";
			targets = (
				F09416731DDFA20800626583 /* market */,
			);
		};
/* End PBXProject section */

/* Begin PBXResourcesBuildPhase section */
		F09416721DDFA20800626583 /* Resources */ = {
			isa = PBXResourcesBuildPhase;
			buildActionMask = 2147483647;
			files = (
				F09416821DDFA20800626583 /* LaunchScreen.storyboard in Resources */,
				F094167F1DDFA20800626583 /* Assets.xcassets in Resources */,
				F094167D1DDFA20800626583 /* Main.storyboard in Resources */,
			);
			runOnlyForDeploymentPostprocessing = 0;
		};
/* End PBXResourcesBuildPhase section */

/* Begin PBXSourcesBuildPhase section */
		F09416701DDFA20800626583 /* Sources */ = {
			isa = PBXSourcesBuildPhase;
			buildActionMask = 2147483647;
			files = (
				F094167A1DDFA20800626583 /* ViewController.swift in Sources */,
				F09416781DDFA20800626583 /* AppDelegate.swift in Sources */,
			);
			runOnlyForDeploymentPostprocessing = 0;
		};
/* End PBXSourcesBuildPhase section */

/* Begin PBXVariantGroup section */
		F094167B1DDFA20800626583 /* Main.storyboard */ = {
			isa = PBXVariantGroup;
			children = (
				F094167C1DDFA20800626583 /* Base */,
			);
			name = Main.storyboard;
			sourceTree = "<group>";
		};
		F09416801DDFA20800626583 /* LaunchScreen.storyboard */ = {
			isa = PBXVariantGroup;
			children = (
				F09416811DDFA20800626583 /* Base */,
			);
			name = LaunchScreen.storyboard;
			sourceTree = "<group>";
		};
/* End PBXVariantGroup section */

/* Begin XCBuildConfiguration section */
		F09416841DDFA20800626583 /* Debug */ = {
			isa = XCBuildConfiguration;
			buildSettings = {
				ALWAYS_SEARCH_USER_PATHS = NO;
				CLANG_ANALYZER_NONNULL = YES;
				CLANG_CXX_LANGUAGE_STANDARD = "gnu++0x";
				CLANG_CXX_LIBRARY = "libc++";
				CLANG_ENABLE_MODULES = YES;
				CLANG_ENABLE_OBJC_ARC = YES;
				CLANG_WARN_BOOL_CONVERSION = YES;
				CLANG_WARN_CONSTANT_CONVERSION = YES;
				CLANG_WARN_DIRECT_OBJC_ISA_USAGE = YES_ERROR;
				CLANG_WARN_DOCUMENTATION_COMMENTS = YES;
				CLANG_WARN_EMPTY_BODY = YES;
				CLANG_WARN_ENUM_CONVERSION = YES;
				CLANG_WARN_INFINITE_RECURSION = YES;
				CLANG_WARN_INT_CONVERSION = YES;
				CLANG_WARN_OBJC_ROOT_CLASS = YES_ERROR;
				CLANG_WARN_SUSPICIOUS_MOVES = YES;
				CLANG_WARN_UNREACHABLE_CODE = YES;
				CLANG_WARN__DUPLICATE_METHOD_MATCH = YES;
				"CODE_SIGN_IDENTITY[sdk=iphoneos*]" = "iPhone Developer";
				COPY_PHASE_STRIP = NO;
				DEBUG_INFORMATION_FORMAT = dwarf;
				ENABLE_STRICT_OBJC_MSGSEND = YES;
				ENABLE_TESTABILITY = YES;
				GCC_C_LANGUAGE_STANDARD = gnu99;
				GCC_DYNAMIC_NO_PIC = NO;
				GCC_NO_COMMON_BLOCKS = YES;
				GCC_OPTIMIZATION_LEVEL = 0;
				GCC_PREPROCESSOR_DEFINITIONS = (
					"DEBUG=1",
					"$(inherited)",
				);
				GCC_WARN_64_TO_32_BIT_CONVERSION = YES;
				GCC_WARN_ABOUT_RETURN_TYPE = YES_ERROR;
				GCC_WARN_UNDECLARED_SELECTOR = YES;
				GCC_WARN_UNINITIALIZED_AUTOS = YES_AGGRESSIVE;
				GCC_WARN_UNUSED_FUNCTION = YES;
				GCC_WARN_UNUSED_VARIABLE = YES;
				IPHONEOS_DEPLOYMENT_TARGET = 10.1;
				MTL_ENABLE_DEBUG_INFO = YES;
				ONLY_ACTIVE_ARCH = YES;
				SDKROOT = iphoneos;
				SWIFT_ACTIVE_COMPILATION_CONDITIONS = DEBUG;
				SWIFT_OPTIMIZATION_LEVEL = "-Onone";
			};
			name = Debug;
		};
		F09416851DDFA20800626583 /* Release */ = {
			isa = XCBuildConfiguration;
			buildSettings = {
				ALWAYS_SEARCH_USER_PATHS = NO;
				CLANG_ANALYZER_NONNULL = YES;
				CLANG_CXX_LANGUAGE_STANDARD = "gnu++0x";
				CLANG_CXX_LIBRARY = "libc++";
				CLANG_ENABLE_MODULES = YES;
				CLANG_ENABLE_OBJC_ARC = YES;
				CLANG_WARN_BOOL_CONVERSION = YES;
				CLANG_WARN_CONSTANT_CONVERSION = YES;
				CLANG_WARN_DIRECT_OBJC_ISA_USAGE = YES_ERROR;
				CLANG_WARN_DOCUMENTATION_COMMENTS = YES;
				CLANG_WARN_EMPTY_BODY = YES;
				CLANG_WARN_ENUM_CONVERSION = YES;
				CLANG_WARN_INFINITE_RECURSION = YES;
				CLANG_WARN_INT_CONVERSION = YES;
				CLANG_WARN_OBJC_ROOT_CLASS = YES_ERROR;
				CLANG_WARN_SUSPICIOUS_MOVES = YES;
				CLANG_WARN_UNREACHABLE_CODE = YES;
				CLANG_WARN__DUPLICATE_METHOD_MATCH = YES;
				"CODE_SIGN_IDENTITY[sdk=iphoneos*]" = "iPhone Developer";
				COPY_PHASE_STRIP = NO;
				DEBUG_INFORMATION_FORMAT = "dwarf-with-dsym";
				ENABLE_NS_ASSERTIONS = NO;
				ENABLE_STRICT_OBJC_MSGSEND = YES;
				GCC_C_LANGUAGE_STANDARD = gnu99;
				GCC_NO_COMMON_BLOCKS = YES;
				GCC_WARN_64_TO_32_BIT_CONVERSION = YES;
				GCC_WARN_ABOUT_RETURN_TYPE = YES_ERROR;
				GCC_WARN_UNDECLARED_SELECTOR = YES;
				GCC_WARN_UNINITIALIZED_AUTOS = YES_AGGRESSIVE;
				GCC_WARN_UNUSED_FUNCTION = YES;
				GCC_WARN_UNUSED_VARIABLE = YES;
				IPHONEOS_DEPLOYMENT_TARGET = 10.1;
				MTL_ENABLE_DEBUG_INFO = NO;
				SDKROOT = iphoneos;
				SWIFT_OPTIMIZATION_LEVEL = "-Owholemodule";
				VALIDATE_PRODUCT = YES;
			};
			name = Release;
		};
		F09416871DDFA20800626583 /* Debug */ = {
			isa = XCBuildConfiguration;
			buildSettings = {
				ASSETCATALOG_COMPILER_APPICON_NAME = AppIcon;
				DEVELOPMENT_TEAM = U5DM44JQS9;
				INFOPLIST_FILE = market/Info.plist;
				LD_RUNPATH_SEARCH_PATHS = "$(inherited) @executable_path/Frameworks";
				PRODUCT_BUNDLE_IDENTIFIER = coursera.market;
				PRODUCT_NAME = "$(TARGET_NAME)";
				SWIFT_VERSION = 3.0;
			};
			name = Debug;
		};
		F09416881DDFA20800626583 /* Release */ = {
			isa = XCBuildConfiguration;
			buildSettings = {
				ASSETCATALOG_COMPILER_APPICON_NAME = AppIcon;
				DEVELOPMENT_TEAM = U5DM44JQS9;
				INFOPLIST_FILE = market/Info.plist;
				LD_RUNPATH_SEARCH_PATHS = "$(inherited) @executable_path/Frameworks";
				PRODUCT_BUNDLE_IDENTIFIER = coursera.market;
				PRODUCT_NAME = "$(TARGET_NAME)";
				SWIFT_VERSION = 3.0;
			};
			name = Release;
		};
/* End XCBuildConfiguration section */

/* Begin XCConfigurationList section */
		F094166F1DDFA20700626583 /* Build configuration list for PBXProject "market" */ = {
			isa = XCConfigurationList;
			buildConfigurations = (
				F09416841DDFA20800626583 /* Debug */,
				F09416851DDFA20800626583 /* Release */,
			);
			defaultConfigurationIsVisible = 0;
			defaultConfigurationName = Release;
		};
		F09416861DDFA20800626583 /* Build configuration list for PBXNativeTarget "market" */ = {
			isa = XCConfigurationList;
			buildConfigurations = (
				F09416871DDFA20800626583 /* Debug */,
				F09416881DDFA20800626583 /* Release */,
			);
			defaultConfigurationIsVisible = 0;
		};
/* End XCConfigurationList section */
	};
	rootObject = F094166C1DDFA20700626583 /* Project object */;
}
